
Microsoft Visual Studio Solution File, Format Version 12.00
# Visual Studio Version 17
VisualStudioVersion = 17.14.36327.8 d17.14
MinimumVisualStudioVersion = 10.0.40219.1
Project("{FAE04EC0-301F-11D3-BF4B-00C04F79EFBC}") = "Tessera.API", "Tessera.API.csproj", "{698CB17B-88F8-4EA1-AC94-1FAA976FF574}"
EndProject
Global
	GlobalSection(SolutionConfigurationPlatforms) = preSolution
		Debug|Any CPU = Debug|Any CPU
		Release|Any CPU = Release|Any CPU
	EndGlobalSection
	GlobalSection(ProjectConfigurationPlatforms) = postSolution
		{698CB17B-88F8-4EA1-AC94-1FAA976FF574}.Debug|Any CPU.ActiveCfg = Debug|Any CPU
		{698CB17B-88F8-4EA1-AC94-1FAA976FF574}.Debug|Any CPU.Build.0 = Debug|Any CPU
		{698CB17B-88F8-4EA1-AC94-1FAA976FF574}.Release|Any CPU.ActiveCfg = Release|Any CPU
		{698CB17B-88F8-4EA1-AC94-1FAA976FF574}.Release|Any CPU.Build.0 = Release|Any CPU
	EndGlobalSection
	GlobalSection(SolutionProperties) = preSolution
		HideSolutionNode = FALSE
	EndGlobalSection
	GlobalSection(ExtensibilityGlobals) = postSolution
		SolutionGuid = {2FB12426-700C-4D5E-8578-45159F06D234}
	EndGlobalSection
EndGlobal
